
Microsoft Visual Studio Solution File, Format Version 12.00
# Visual Studio Version 16
VisualStudioVersion = 16.0.30011.22
MinimumVisualStudioVersion = 10.0.40219.1
Project("{FAE04EC0-301F-11D3-BF4B-00C04F79EFBC}") = "WebApp", "WebApp\WebApp.csproj", "{5FC06D3E-187E-42F7-A774-F1ADC0E11FAD}"
EndProject
Project("{FAE04EC0-301F-11D3-BF4B-00C04F79EFBC}") = "RedisStudy.DAL.Abstraction", "RedisStudy.Models\RedisStudy.DAL.Abstraction.csproj", "{A94DB6C9-F989-4A6E-AD90-BF812A5EED69}"
EndProject
Project("{FAE04EC0-301F-11D3-BF4B-00C04F79EFBC}") = "RedisStudy.Services", "RedisStudy.Services\RedisStudy.Services.csproj", "{66D3A466-8CDF-4EBD-8D41-A0F09944580E}"
EndProject
Project("{FAE04EC0-301F-11D3-BF4B-00C04F79EFBC}") = "RedisStudy.Common", "RedisStudy.Common\RedisStudy.Common.csproj", "{1F230144-B013-4FDC-81A4-6CA26FA5B1C4}"
EndProject
Project("{FAE04EC0-301F-11D3-BF4B-00C04F79EFBC}") = "RedisStudy.DAL.EF", "RedisStudy.DAL.EF\RedisStudy.DAL.EF.csproj", "{DBEE81B4-81D2-4033-A0FC-D33FFAD3142F}"
EndProject
Project("{FAE04EC0-301F-11D3-BF4B-00C04F79EFBC}") = "RedisCacheIgnore", "RedisCache\RedisCacheIgnore.csproj", "{D03A962C-80C8-43EA-891E-574AF7E88CA9}"
EndProject
Global
	GlobalSection(SolutionConfigurationPlatforms) = preSolution
		Debug|Any CPU = Debug|Any CPU
		Release|Any CPU = Release|Any CPU
	EndGlobalSection
	GlobalSection(ProjectConfigurationPlatforms) = postSolution
		{5FC06D3E-187E-42F7-A774-F1ADC0E11FAD}.Debug|Any CPU.ActiveCfg = Debug|Any CPU
		{5FC06D3E-187E-42F7-A774-F1ADC0E11FAD}.Debug|Any CPU.Build.0 = Debug|Any CPU
		{5FC06D3E-187E-42F7-A774-F1ADC0E11FAD}.Release|Any CPU.ActiveCfg = Release|Any CPU
		{5FC06D3E-187E-42F7-A774-F1ADC0E11FAD}.Release|Any CPU.Build.0 = Release|Any CPU
		{A94DB6C9-F989-4A6E-AD90-BF812A5EED69}.Debug|Any CPU.ActiveCfg = Debug|Any CPU
		{A94DB6C9-F989-4A6E-AD90-BF812A5EED69}.Debug|Any CPU.Build.0 = Debug|Any CPU
		{A94DB6C9-F989-4A6E-AD90-BF812A5EED69}.Release|Any CPU.ActiveCfg = Release|Any CPU
		{A94DB6C9-F989-4A6E-AD90-BF812A5EED69}.Release|Any CPU.Build.0 = Release|Any CPU
		{66D3A466-8CDF-4EBD-8D41-A0F09944580E}.Debug|Any CPU.ActiveCfg = Debug|Any CPU
		{66D3A466-8CDF-4EBD-8D41-A0F09944580E}.Debug|Any CPU.Build.0 = Debug|Any CPU
		{66D3A466-8CDF-4EBD-8D41-A0F09944580E}.Release|Any CPU.ActiveCfg = Release|Any CPU
		{66D3A466-8CDF-4EBD-8D41-A0F09944580E}.Release|Any CPU.Build.0 = Release|Any CPU
		{1F230144-B013-4FDC-81A4-6CA26FA5B1C4}.Debug|Any CPU.ActiveCfg = Debug|Any CPU
		{1F230144-B013-4FDC-81A4-6CA26FA5B1C4}.Debug|Any CPU.Build.0 = Debug|Any CPU
		{1F230144-B013-4FDC-81A4-6CA26FA5B1C4}.Release|Any CPU.ActiveCfg = Release|Any CPU
		{1F230144-B013-4FDC-81A4-6CA26FA5B1C4}.Release|Any CPU.Build.0 = Release|Any CPU
		{DBEE81B4-81D2-4033-A0FC-D33FFAD3142F}.Debug|Any CPU.ActiveCfg = Debug|Any CPU
		{DBEE81B4-81D2-4033-A0FC-D33FFAD3142F}.Debug|Any CPU.Build.0 = Debug|Any CPU
		{DBEE81B4-81D2-4033-A0FC-D33FFAD3142F}.Release|Any CPU.ActiveCfg = Release|Any CPU
		{DBEE81B4-81D2-4033-A0FC-D33FFAD3142F}.Release|Any CPU.Build.0 = Release|Any CPU
		{D03A962C-80C8-43EA-891E-574AF7E88CA9}.Debug|Any CPU.ActiveCfg = Debug|Any CPU
		{D03A962C-80C8-43EA-891E-574AF7E88CA9}.Debug|Any CPU.Build.0 = Debug|Any CPU
		{D03A962C-80C8-43EA-891E-574AF7E88CA9}.Release|Any CPU.ActiveCfg = Release|Any CPU
		{D03A962C-80C8-43EA-891E-574AF7E88CA9}.Release|Any CPU.Build.0 = Release|Any CPU
	EndGlobalSection
	GlobalSection(SolutionProperties) = preSolution
		HideSolutionNode = FALSE
	EndGlobalSection
	GlobalSection(ExtensibilityGlobals) = postSolution
		SolutionGuid = {12053BF3-06BF-489A-99C2-BF377F2259B0}
	EndGlobalSection
EndGlobal
